
Microsoft Visual Studio Solution File, Format Version 12.00
# Visual Studio Version 17
VisualStudioVersion = 17.14.36623.8
MinimumVisualStudioVersion = 10.0.40219.1
Project("{FAE04EC0-301F-11D3-BF4B-00C04F79EFBC}") = "OrderManagerLibrary", "OMSLibrary\OrderManagerLibrary.csproj", "{18A3697C-5A95-4CCF-8FF0-6F3F08B5102D}"
EndProject
Project("{FAE04EC0-301F-11D3-BF4B-00C04F79EFBC}") = "NBOrderManagerDesktopUI", "OMSUI\NBOrderManagerDesktopUI.csproj", "{2327A796-CF7F-4B5E-9444-277EAFCC74EE}"
EndProject
Project("{FAE04EC0-301F-11D3-BF4B-00C04F79EFBC}") = "OrderManagerLibrary.Tests", "OMSLibrary.Tests\OrderManagerLibrary.Tests.csproj", "{61098C30-076E-4614-88C3-9659DE6667C8}"
EndProject
Global
	GlobalSection(SolutionConfigurationPlatforms) = preSolution
		Debug|Any CPU = Debug|Any CPU
		Release|Any CPU = Release|Any CPU
	EndGlobalSection
	GlobalSection(ProjectConfigurationPlatforms) = postSolution
		{18A3697C-5A95-4CCF-8FF0-6F3F08B5102D}.Debug|Any CPU.ActiveCfg = Debug|Any CPU
		{18A3697C-5A95-4CCF-8FF0-6F3F08B5102D}.Debug|Any CPU.Build.0 = Debug|Any CPU
		{18A3697C-5A95-4CCF-8FF0-6F3F08B5102D}.Release|Any CPU.ActiveCfg = Release|Any CPU
		{18A3697C-5A95-4CCF-8FF0-6F3F08B5102D}.Release|Any CPU.Build.0 = Release|Any CPU
		{2327A796-CF7F-4B5E-9444-277EAFCC74EE}.Debug|Any CPU.ActiveCfg = Debug|Any CPU
		{2327A796-CF7F-4B5E-9444-277EAFCC74EE}.Debug|Any CPU.Build.0 = Debug|Any CPU
		{2327A796-CF7F-4B5E-9444-277EAFCC74EE}.Release|Any CPU.ActiveCfg = Release|Any CPU
		{2327A796-CF7F-4B5E-9444-277EAFCC74EE}.Release|Any CPU.Build.0 = Release|Any CPU
		{61098C30-076E-4614-88C3-9659DE6667C8}.Debug|Any CPU.ActiveCfg = Debug|Any CPU
		{61098C30-076E-4614-88C3-9659DE6667C8}.Debug|Any CPU.Build.0 = Debug|Any CPU
		{61098C30-076E-4614-88C3-9659DE6667C8}.Release|Any CPU.ActiveCfg = Release|Any CPU
		{61098C30-076E-4614-88C3-9659DE6667C8}.Release|Any CPU.Build.0 = Release|Any CPU
	EndGlobalSection
	GlobalSection(SolutionProperties) = preSolution
		HideSolutionNode = FALSE
	EndGlobalSection
	GlobalSection(ExtensibilityGlobals) = postSolution
		SolutionGuid = {2FF6E327-450C-4F48-B863-F1E24298C200}
	EndGlobalSection
EndGlobal
